---
path: ".gem_rbs_collection"
gems:
- name: ffi
  version: 1.17.4
  source:
    type: rubygems
- name: fileutils
  version: '0'
  source:
    type: stdlib
- name: io-console
  version: '0'
  source:
    type: stdlib
- name: listen
  version: '3.9'
  source:
    type: git
    name: ruby/gem_rbs_collection
    revision: 3913b7dffb65bdffdfe5cb9095108f932e85433b
    remote: https://github.com/ruby/gem_rbs_collection.git
    repo_dir: gems
- name: logger
  version: '1.7'
  source:
    type: git
    name: ruby/gem_rbs_collection
    revision: 3913b7dffb65bdffdfe5cb9095108f932e85433b
    remote: https://github.com/ruby/gem_rbs_collection.git
    repo_dir: gems
- name: minitest
  version: '5.25'
  source:
    type: git
    name: ruby/gem_rbs_collection
    revision: 3913b7dffb65bdffdfe5cb9095108f932e85433b
    remote: https://github.com/ruby/gem_rbs_collection.git
    repo_dir: gems
- name: monitor
  version: '0'
  source:
    type: stdlib
- name: prism
  version: 1.9.0
  source:
    type: rubygems
- name: rake
  version: '13.0'
  source:
    type: git
    name: ruby/gem_rbs_collection
    revision: 3913b7dffb65bdffdfe5cb9095108f932e85433b
    remote: https://github.com/ruby/gem_rbs_collection.git
    repo_dir: gems
- name: thor
  version: '1.2'
  source:
    type: git
    name: ruby/gem_rbs_collection
    revision: 3913b7dffb65bdffdfe5cb9095108f932e85433b
    remote: https://github.com/ruby/gem_rbs_collection.git
    repo_dir: gems
gemfile_lock_path: Gemfile.lock
